
Microsoft Visual Studio Solution File, Format Version 12.00
# Visual Studio 14
VisualStudioVersion = 14.0.25420.1
MinimumVisualStudioVersion = 10.0.40219.1
Project("{FAE04EC0-301F-11D3-BF4B-00C04F79EFBC}") = "Model", "Model\Model.csproj", "{D031C4CF-F289-4ADB-9ADA-29C1912443D2}"
EndProject
Project("{FAE04EC0-301F-11D3-BF4B-00C04F79EFBC}") = "DAL", "DAL\DAL.csproj", "{B9C7331F-A19E-4235-99B1-FF6674C792D8}"
EndProject
Project("{FAE04EC0-301F-11D3-BF4B-00C04F79EFBC}") = "DAL.IntegrationTests", "DAL.IntegrationTests\DAL.IntegrationTests.csproj", "{CC9136A7-9543-45A8-967F-C1D4696B9CBB}"
EndProject
Project("{FAE04EC0-301F-11D3-BF4B-00C04F79EFBC}") = "Neo4jSyntheticDatabaseFiller", "Neo4jSyntheticDatabaseFiller\Neo4jSyntheticDatabaseFiller.csproj", "{512D2F21-0292-497C-8195-CDBA2B380341}"
EndProject
Project("{FAE04EC0-301F-11D3-BF4B-00C04F79EFBC}") = "BL", "BL\BL.csproj", "{7F520237-D847-46B7-9BD0-648899E008AA}"
EndProject
Project("{FAE04EC0-301F-11D3-BF4B-00C04F79EFBC}") = "BL.UnitTests", "BL.UnitTests\BL.UnitTests.csproj", "{87971784-A549-4B1B-8782-B12B43A0993D}"
EndProject
Project("{FAE04EC0-301F-11D3-BF4B-00C04F79EFBC}") = "Common", "Common\Common.csproj", "{12FF3B43-F2B3-4C37-A80B-7BD3EE758EE8}"
EndProject
Project("{FAE04EC0-301F-11D3-BF4B-00C04F79EFBC}") = "GIndexVsNeo4jRunner", "GIndexVsNeo4jRunner\GIndexVsNeo4jRunner.csproj", "{27C98A9A-B3BC-43F0-AEBB-FCCDA62E18EC}"
EndProject
Project("{FAE04EC0-301F-11D3-BF4B-00C04F79EFBC}") = "FrequentFeaturesFileWriter", "FrequentFeaturesFileWriter\FrequentFeaturesFileWriter.csproj", "{4233ECE6-AE71-46D3-838A-865B1DE31A1E}"
EndProject
Project("{FAE04EC0-301F-11D3-BF4B-00C04F79EFBC}") = "TestsFramework", "TestsFramework\TestsFramework.csproj", "{48C69DC5-A66A-458C-99BC-CB6BB60736AC}"
EndProject
Project("{F088123C-0E9E-452A-89E6-6BA2F21D5CAC}") = "ModelingProject1", "ModelingProject1\ModelingProject1.modelproj", "{D3F42666-A00B-4B18-97A6-2AA7F155EDA9}"
EndProject
Project("{FAE04EC0-301F-11D3-BF4B-00C04F79EFBC}") = "GIndexTriePrinter", "GIndexTriePrinter\GIndexTriePrinter.csproj", "{CD116930-062D-480D-98F5-072E638407E1}"
EndProject
Global
	GlobalSection(SolutionConfigurationPlatforms) = preSolution
		Debug|Any CPU = Debug|Any CPU
		Release|Any CPU = Release|Any CPU
	EndGlobalSection
	GlobalSection(ProjectConfigurationPlatforms) = postSolution
		{D031C4CF-F289-4ADB-9ADA-29C1912443D2}.Debug|Any CPU.ActiveCfg = Debug|Any CPU
		{D031C4CF-F289-4ADB-9ADA-29C1912443D2}.Debug|Any CPU.Build.0 = Debug|Any CPU
		{D031C4CF-F289-4ADB-9ADA-29C1912443D2}.Release|Any CPU.ActiveCfg = Release|Any CPU
		{D031C4CF-F289-4ADB-9ADA-29C1912443D2}.Release|Any CPU.Build.0 = Release|Any CPU
		{B9C7331F-A19E-4235-99B1-FF6674C792D8}.Debug|Any CPU.ActiveCfg = Debug|Any CPU
		{B9C7331F-A19E-4235-99B1-FF6674C792D8}.Debug|Any CPU.Build.0 = Debug|Any CPU
		{B9C7331F-A19E-4235-99B1-FF6674C792D8}.Release|Any CPU.ActiveCfg = Release|Any CPU
		{B9C7331F-A19E-4235-99B1-FF6674C792D8}.Release|Any CPU.Build.0 = Release|Any CPU
		{CC9136A7-9543-45A8-967F-C1D4696B9CBB}.Debug|Any CPU.ActiveCfg = Debug|Any CPU
		{CC9136A7-9543-45A8-967F-C1D4696B9CBB}.Debug|Any CPU.Build.0 = Debug|Any CPU
		{CC9136A7-9543-45A8-967F-C1D4696B9CBB}.Release|Any CPU.ActiveCfg = Release|Any CPU
		{CC9136A7-9543-45A8-967F-C1D4696B9CBB}.Release|Any CPU.Build.0 = Release|Any CPU
		{512D2F21-0292-497C-8195-CDBA2B380341}.Debug|Any CPU.ActiveCfg = Debug|Any CPU
		{512D2F21-0292-497C-8195-CDBA2B380341}.Debug|Any CPU.Build.0 = Debug|Any CPU
		{512D2F21-0292-497C-8195-CDBA2B380341}.Release|Any CPU.ActiveCfg = Release|Any CPU
		{512D2F21-0292-497C-8195-CDBA2B380341}.Release|Any CPU.Build.0 = Release|Any CPU
		{7F520237-D847-46B7-9BD0-648899E008AA}.Debug|Any CPU.ActiveCfg = Debug|Any CPU
		{7F520237-D847-46B7-9BD0-648899E008AA}.Debug|Any CPU.Build.0 = Debug|Any CPU
		{7F520237-D847-46B7-9BD0-648899E008AA}.Release|Any CPU.ActiveCfg = Release|Any CPU
		{7F520237-D847-46B7-9BD0-648899E008AA}.Release|Any CPU.Build.0 = Release|Any CPU
		{87971784-A549-4B1B-8782-B12B43A0993D}.Debug|Any CPU.ActiveCfg = Debug|Any CPU
		{87971784-A549-4B1B-8782-B12B43A0993D}.Debug|Any CPU.Build.0 = Debug|Any CPU
		{87971784-A549-4B1B-8782-B12B43A0993D}.Release|Any CPU.ActiveCfg = Release|Any CPU
		{87971784-A549-4B1B-8782-B12B43A0993D}.Release|Any CPU.Build.0 = Release|Any CPU
		{12FF3B43-F2B3-4C37-A80B-7BD3EE758EE8}.Debug|Any CPU.ActiveCfg = Debug|Any CPU
		{12FF3B43-F2B3-4C37-A80B-7BD3EE758EE8}.Debug|Any CPU.Build.0 = Debug|Any CPU
		{12FF3B43-F2B3-4C37-A80B-7BD3EE758EE8}.Release|Any CPU.ActiveCfg = Release|Any CPU
		{12FF3B43-F2B3-4C37-A80B-7BD3EE758EE8}.Release|Any CPU.Build.0 = Release|Any CPU
		{27C98A9A-B3BC-43F0-AEBB-FCCDA62E18EC}.Debug|Any CPU.ActiveCfg = Debug|Any CPU
		{27C98A9A-B3BC-43F0-AEBB-FCCDA62E18EC}.Debug|Any CPU.Build.0 = Debug|Any CPU
		{27C98A9A-B3BC-43F0-AEBB-FCCDA62E18EC}.Release|Any CPU.ActiveCfg = Release|Any CPU
		{27C98A9A-B3BC-43F0-AEBB-FCCDA62E18EC}.Release|Any CPU.Build.0 = Release|Any CPU
		{4233ECE6-AE71-46D3-838A-865B1DE31A1E}.Debug|Any CPU.ActiveCfg = Debug|Any CPU
		{4233ECE6-AE71-46D3-838A-865B1DE31A1E}.Debug|Any CPU.Build.0 = Debug|Any CPU
		{4233ECE6-AE71-46D3-838A-865B1DE31A1E}.Release|Any CPU.ActiveCfg = Release|Any CPU
		{4233ECE6-AE71-46D3-838A-865B1DE31A1E}.Release|Any CPU.Build.0 = Release|Any CPU
		{48C69DC5-A66A-458C-99BC-CB6BB60736AC}.Debug|Any CPU.ActiveCfg = Debug|Any CPU
		{48C69DC5-A66A-458C-99BC-CB6BB60736AC}.Debug|Any CPU.Build.0 = Debug|Any CPU
		{48C69DC5-A66A-458C-99BC-CB6BB60736AC}.Release|Any CPU.ActiveCfg = Release|Any CPU
		{48C69DC5-A66A-458C-99BC-CB6BB60736AC}.Release|Any CPU.Build.0 = Release|Any CPU
		{D3F42666-A00B-4B18-97A6-2AA7F155EDA9}.Debug|Any CPU.ActiveCfg = Debug|Any CPU
		{D3F42666-A00B-4B18-97A6-2AA7F155EDA9}.Debug|Any CPU.Build.0 = Debug|Any CPU
		{D3F42666-A00B-4B18-97A6-2AA7F155EDA9}.Release|Any CPU.ActiveCfg = Release|Any CPU
		{D3F42666-A00B-4B18-97A6-2AA7F155EDA9}.Release|Any CPU.Build.0 = Release|Any CPU
		{CD116930-062D-480D-98F5-072E638407E1}.Debug|Any CPU.ActiveCfg = Debug|Any CPU
		{CD116930-062D-480D-98F5-072E638407E1}.Debug|Any CPU.Build.0 = Debug|Any CPU
		{CD116930-062D-480D-98F5-072E638407E1}.Release|Any CPU.ActiveCfg = Release|Any CPU
		{CD116930-062D-480D-98F5-072E638407E1}.Release|Any CPU.Build.0 = Release|Any CPU
	EndGlobalSection
	GlobalSection(SolutionProperties) = preSolution
		HideSolutionNode = FALSE
	EndGlobalSection
EndGlobal
